
Microsoft Visual Studio Solution File, Format Version 12.00
# Visual Studio Version 17
VisualStudioVersion = 17.4.33213.308
MinimumVisualStudioVersion = 10.0.40219.1
Project("{9A19103F-16F7-4668-BE54-9A1E7A4F7556}") = "Planets", "Planets.csproj", "{ABF6F460-805D-4A36-A2C9-F8B5A865562D}"
EndProject
Project("{9A19103F-16F7-4668-BE54-9A1E7A4F7556}") = "Test", "..\Test\Test.csproj", "{264014AC-0A07-4DDB-A14A-409182816343}"
EndProject
Project("{9A19103F-16F7-4668-BE54-9A1E7A4F7556}") = "Library", "..\Library\Library.csproj", "{2BE66867-780F-40A6-AB4A-83A1E15BBAC6}"
EndProject
Global
	GlobalSection(SolutionConfigurationPlatforms) = preSolution
		Debug|Any CPU = Debug|Any CPU
		Release|Any CPU = Release|Any CPU
	EndGlobalSection
	GlobalSection(ProjectConfigurationPlatforms) = postSolution
		{ABF6F460-805D-4A36-A2C9-F8B5A865562D}.Debug|Any CPU.ActiveCfg = Debug|Any CPU
		{ABF6F460-805D-4A36-A2C9-F8B5A865562D}.Debug|Any CPU.Build.0 = Debug|Any CPU
		{ABF6F460-805D-4A36-A2C9-F8B5A865562D}.Release|Any CPU.ActiveCfg = Release|Any CPU
		{ABF6F460-805D-4A36-A2C9-F8B5A865562D}.Release|Any CPU.Build.0 = Release|Any CPU
		{264014AC-0A07-4DDB-A14A-409182816343}.Debug|Any CPU.ActiveCfg = Debug|Any CPU
		{264014AC-0A07-4DDB-A14A-409182816343}.Debug|Any CPU.Build.0 = Debug|Any CPU
		{264014AC-0A07-4DDB-A14A-409182816343}.Release|Any CPU.ActiveCfg = Release|Any CPU
		{264014AC-0A07-4DDB-A14A-409182816343}.Release|Any CPU.Build.0 = Release|Any CPU
		{2BE66867-780F-40A6-AB4A-83A1E15BBAC6}.Debug|Any CPU.ActiveCfg = Debug|Any CPU
		{2BE66867-780F-40A6-AB4A-83A1E15BBAC6}.Debug|Any CPU.Build.0 = Debug|Any CPU
		{2BE66867-780F-40A6-AB4A-83A1E15BBAC6}.Release|Any CPU.ActiveCfg = Release|Any CPU
		{2BE66867-780F-40A6-AB4A-83A1E15BBAC6}.Release|Any CPU.Build.0 = Release|Any CPU
	EndGlobalSection
	GlobalSection(SolutionProperties) = preSolution
		HideSolutionNode = FALSE
	EndGlobalSection
	GlobalSection(ExtensibilityGlobals) = postSolution
		SolutionGuid = {5C4B42BA-AD40-45FC-982F-35896F985666}
	EndGlobalSection
EndGlobal
